
Microsoft Visual Studio Solution File, Format Version 12.00
# Visual Studio Version 16
VisualStudioVersion = 16.0.29503.13
MinimumVisualStudioVersion = 10.0.40219.1
Project("{888888A0-9F3D-457C-B088-3A5042F75D52}") = "TicTacToe", "TicTacToe.pyproj", "{1DCB3AAE-30AD-41EB-A33C-9E699FED5741}"
EndProject
Global
	GlobalSection(SolutionConfigurationPlatforms) = preSolution
		Debug|Any CPU = Debug|Any CPU
		Release|Any CPU = Release|Any CPU
	EndGlobalSection
	GlobalSection(ProjectConfigurationPlatforms) = postSolution
		{1DCB3AAE-30AD-41EB-A33C-9E699FED5741}.Debug|Any CPU.ActiveCfg = Debug|Any CPU
		{1DCB3AAE-30AD-41EB-A33C-9E699FED5741}.Release|Any CPU.ActiveCfg = Release|Any CPU
	EndGlobalSection
	GlobalSection(SolutionProperties) = preSolution
		HideSolutionNode = FALSE
	EndGlobalSection
	GlobalSection(ExtensibilityGlobals) = postSolution
		SolutionGuid = {D8FE4494-DB46-410E-8A98-F494463EE6BE}
	EndGlobalSection
EndGlobal
